{
  "object": {
    "pins": [
      {
        "package": "TDLibFramework",
        "repositoryURL": "https://github.com/georgeprokopenko/TDLibFramework",
        "state": {
          "branch": null,
          "revision": "087a1368dab19ae0a66c20d4caba39f404be8a13",
          "version": "1.8.10-758ced94"
        }
      }
    ]
  },
  "version": 1
}
